{
  "name": "@blendnbubbles/petpooja-webhook",
  "version": "0.1.0",
  "lockfileVersion": 3,
  "requires": true,
  "packages": {
    "": {
      "name": "@blendnbubbles/petpooja-webhook",
      "version": "0.1.0",
      "bin": {
        "bnb-webhook": "src/index.js"
      },
      "engines": {
        "node": ">=20"
      }
    }
  }
}
